
Microsoft Visual Studio Solution File, Format Version 12.00
# Visual Studio Version 17
VisualStudioVersion = 17.10.34928.147
MinimumVisualStudioVersion = 10.0.40219.1
Project("{FAE04EC0-301F-11D3-BF4B-00C04F79EFBC}") = "Employee-Management", "Employee-Management\Employee-Management.csproj", "{F7D32B72-A903-4468-9498-496549BCB8AB}"
EndProject
Global
	GlobalSection(SolutionConfigurationPlatforms) = preSolution
		Debug|Any CPU = Debug|Any CPU
		Release|Any CPU = Release|Any CPU
	EndGlobalSection
	GlobalSection(ProjectConfigurationPlatforms) = postSolution
		{F7D32B72-A903-4468-9498-496549BCB8AB}.Debug|Any CPU.ActiveCfg = Debug|Any CPU
		{F7D32B72-A903-4468-9498-496549BCB8AB}.Debug|Any CPU.Build.0 = Debug|Any CPU
		{F7D32B72-A903-4468-9498-496549BCB8AB}.Release|Any CPU.ActiveCfg = Release|Any CPU
		{F7D32B72-A903-4468-9498-496549BCB8AB}.Release|Any CPU.Build.0 = Release|Any CPU
	EndGlobalSection
	GlobalSection(SolutionProperties) = preSolution
		HideSolutionNode = FALSE
	EndGlobalSection
	GlobalSection(ExtensibilityGlobals) = postSolution
		SolutionGuid = {86E9DD75-347F-4D24-BBB2-D823605D1B79}
	EndGlobalSection
EndGlobal
